
Microsoft Visual Studio Solution File, Format Version 12.00
# Visual Studio Version 16
VisualStudioVersion = 16.0.28705.295
MinimumVisualStudioVersion = 10.0.40219.1
Project("{9A19103F-16F7-4668-BE54-9A1E7A4F7556}") = "WorkInWeb", "WorkInWeb\WorkInWeb.csproj", "{49B9429C-8C9D-400E-96F6-9A3E8F823BED}"
EndProject
Project("{FAE04EC0-301F-11D3-BF4B-00C04F79EFBC}") = "WorkInApi", "WorkInApi\WorkInApi.csproj", "{E32CEC88-27B9-496C-8F06-CF02FF9984F3}"
EndProject
Global
	GlobalSection(SolutionConfigurationPlatforms) = preSolution
		Debug|Any CPU = Debug|Any CPU
		Release|Any CPU = Release|Any CPU
	EndGlobalSection
	GlobalSection(ProjectConfigurationPlatforms) = postSolution
		{49B9429C-8C9D-400E-96F6-9A3E8F823BED}.Debug|Any CPU.ActiveCfg = Debug|Any CPU
		{49B9429C-8C9D-400E-96F6-9A3E8F823BED}.Debug|Any CPU.Build.0 = Debug|Any CPU
		{49B9429C-8C9D-400E-96F6-9A3E8F823BED}.Release|Any CPU.ActiveCfg = Release|Any CPU
		{49B9429C-8C9D-400E-96F6-9A3E8F823BED}.Release|Any CPU.Build.0 = Release|Any CPU
		{E32CEC88-27B9-496C-8F06-CF02FF9984F3}.Debug|Any CPU.ActiveCfg = Debug|Any CPU
		{E32CEC88-27B9-496C-8F06-CF02FF9984F3}.Debug|Any CPU.Build.0 = Debug|Any CPU
		{E32CEC88-27B9-496C-8F06-CF02FF9984F3}.Release|Any CPU.ActiveCfg = Release|Any CPU
		{E32CEC88-27B9-496C-8F06-CF02FF9984F3}.Release|Any CPU.Build.0 = Release|Any CPU
	EndGlobalSection
	GlobalSection(SolutionProperties) = preSolution
		HideSolutionNode = FALSE
	EndGlobalSection
	GlobalSection(ExtensibilityGlobals) = postSolution
		SolutionGuid = {3EF5A82E-D740-4257-8AE6-499F27229FF5}
	EndGlobalSection
EndGlobal
